
Microsoft Visual Studio Solution File, Format Version 12.00
# Visual Studio Version 17
VisualStudioVersion = 17.4.33213.308
MinimumVisualStudioVersion = 10.0.40219.1
Project("{FAE04EC0-301F-11D3-BF4B-00C04F79EFBC}") = "Movie", "Movie.csproj", "{0A8CB971-A2DD-44B4-B21B-BFE1F6C62B3B}"
EndProject
Global
	GlobalSection(SolutionConfigurationPlatforms) = preSolution
		Debug|Any CPU = Debug|Any CPU
		Release|Any CPU = Release|Any CPU
	EndGlobalSection
	GlobalSection(ProjectConfigurationPlatforms) = postSolution
		{0A8CB971-A2DD-44B4-B21B-BFE1F6C62B3B}.Debug|Any CPU.ActiveCfg = Debug|Any CPU
		{0A8CB971-A2DD-44B4-B21B-BFE1F6C62B3B}.Debug|Any CPU.Build.0 = Debug|Any CPU
		{0A8CB971-A2DD-44B4-B21B-BFE1F6C62B3B}.Release|Any CPU.ActiveCfg = Release|Any CPU
		{0A8CB971-A2DD-44B4-B21B-BFE1F6C62B3B}.Release|Any CPU.Build.0 = Release|Any CPU
	EndGlobalSection
	GlobalSection(SolutionProperties) = preSolution
		HideSolutionNode = FALSE
	EndGlobalSection
	GlobalSection(ExtensibilityGlobals) = postSolution
		SolutionGuid = {2B762AC1-75B4-44C8-8AF0-12F99FF23769}
	EndGlobalSection
EndGlobal
